
Microsoft Visual Studio Solution File, Format Version 12.00
# Visual Studio Version 16
VisualStudioVersion = 16.0.31727.386
MinimumVisualStudioVersion = 10.0.40219.1
Project("{FAE04EC0-301F-11D3-BF4B-00C04F79EFBC}") = "Lab 7", "Lab 7.csproj", "{D2BA8B0B-A841-4022-8685-62367FC9CCB2}"
EndProject
Project("{FAE04EC0-301F-11D3-BF4B-00C04F79EFBC}") = "GameTest", "..\GameTest\GameTest.csproj", "{80A50B6F-C7BF-4FCE-9FBE-DC241248E58D}"
EndProject
Global
	GlobalSection(SolutionConfigurationPlatforms) = preSolution
		Debug|Any CPU = Debug|Any CPU
		Release|Any CPU = Release|Any CPU
	EndGlobalSection
	GlobalSection(ProjectConfigurationPlatforms) = postSolution
		{D2BA8B0B-A841-4022-8685-62367FC9CCB2}.Debug|Any CPU.ActiveCfg = Debug|Any CPU
		{D2BA8B0B-A841-4022-8685-62367FC9CCB2}.Debug|Any CPU.Build.0 = Debug|Any CPU
		{D2BA8B0B-A841-4022-8685-62367FC9CCB2}.Release|Any CPU.ActiveCfg = Release|Any CPU
		{D2BA8B0B-A841-4022-8685-62367FC9CCB2}.Release|Any CPU.Build.0 = Release|Any CPU
		{80A50B6F-C7BF-4FCE-9FBE-DC241248E58D}.Debug|Any CPU.ActiveCfg = Debug|Any CPU
		{80A50B6F-C7BF-4FCE-9FBE-DC241248E58D}.Debug|Any CPU.Build.0 = Debug|Any CPU
		{80A50B6F-C7BF-4FCE-9FBE-DC241248E58D}.Release|Any CPU.ActiveCfg = Release|Any CPU
		{80A50B6F-C7BF-4FCE-9FBE-DC241248E58D}.Release|Any CPU.Build.0 = Release|Any CPU
	EndGlobalSection
	GlobalSection(SolutionProperties) = preSolution
		HideSolutionNode = FALSE
	EndGlobalSection
	GlobalSection(ExtensibilityGlobals) = postSolution
		SolutionGuid = {76727905-1764-4940-B170-08004C911661}
	EndGlobalSection
EndGlobal
